Microsoft Visual Studio Solution File, Format Version 12.00
# Visual Studio Version 17
VisualStudioVersion = 17.5.2.0
MinimumVisualStudioVersion = 10.0.40219.1
Project("{FAE04EC0-301F-11D3-BF4B-00C04F79EFBC}") = "C# Selectionsort", "C# Selectionsort.csproj", "{63778D40-6DEC-F1C1-9CC6-1B59D82E494C}"
EndProject
Global
	GlobalSection(SolutionConfigurationPlatforms) = preSolution
		Debug|Any CPU = Debug|Any CPU
		Release|Any CPU = Release|Any CPU
	EndGlobalSection
	GlobalSection(ProjectConfigurationPlatforms) = postSolution
		{63778D40-6DEC-F1C1-9CC6-1B59D82E494C}.Debug|Any CPU.ActiveCfg = Debug|Any CPU
		{63778D40-6DEC-F1C1-9CC6-1B59D82E494C}.Debug|Any CPU.Build.0 = Debug|Any CPU
		{63778D40-6DEC-F1C1-9CC6-1B59D82E494C}.Release|Any CPU.ActiveCfg = Release|Any CPU
		{63778D40-6DEC-F1C1-9CC6-1B59D82E494C}.Release|Any CPU.Build.0 = Release|Any CPU
	EndGlobalSection
	GlobalSection(SolutionProperties) = preSolution
		HideSolutionNode = FALSE
	EndGlobalSection
	GlobalSection(ExtensibilityGlobals) = postSolution
		SolutionGuid = {6C11DC67-3606-4FE9-BACA-18C2F9B25D05}
	EndGlobalSection
EndGlobal
