Microsoft Visual Studio Solution File, Format Version 12.00
# Visual Studio Version 17
VisualStudioVersion = 17.5.2.0
MinimumVisualStudioVersion = 10.0.40219.1
Project("{FAE04EC0-301F-11D3-BF4B-00C04F79EFBC}") = "C# Sorteringsalgoritmer", "C# Sorteringsalgoritmer.csproj", "{98BB1C49-8BB1-7057-22F3-3CBBA7511FDB}"
EndProject
Global
	GlobalSection(SolutionConfigurationPlatforms) = preSolution
		Debug|Any CPU = Debug|Any CPU
		Release|Any CPU = Release|Any CPU
	EndGlobalSection
	GlobalSection(ProjectConfigurationPlatforms) = postSolution
		{98BB1C49-8BB1-7057-22F3-3CBBA7511FDB}.Debug|Any CPU.ActiveCfg = Debug|Any CPU
		{98BB1C49-8BB1-7057-22F3-3CBBA7511FDB}.Debug|Any CPU.Build.0 = Debug|Any CPU
		{98BB1C49-8BB1-7057-22F3-3CBBA7511FDB}.Release|Any CPU.ActiveCfg = Release|Any CPU
		{98BB1C49-8BB1-7057-22F3-3CBBA7511FDB}.Release|Any CPU.Build.0 = Release|Any CPU
	EndGlobalSection
	GlobalSection(SolutionProperties) = preSolution
		HideSolutionNode = FALSE
	EndGlobalSection
	GlobalSection(ExtensibilityGlobals) = postSolution
		SolutionGuid = {1ADAB671-2C86-4C66-AE10-A7F6944AC4D8}
	EndGlobalSection
EndGlobal
