Microsoft Visual Studio Solution File, Format Version 12.00
# Visual Studio Version 17
VisualStudioVersion = 17.5.2.0
MinimumVisualStudioVersion = 10.0.40219.1
Project("{FAE04EC0-301F-11D3-BF4B-00C04F79EFBC}") = "C# Mergesort", "C# Mergesort.csproj", "{18CA7A54-E4C0-765F-36EC-21A8F57D8642}"
EndProject
Global
	GlobalSection(SolutionConfigurationPlatforms) = preSolution
		Debug|Any CPU = Debug|Any CPU
		Release|Any CPU = Release|Any CPU
	EndGlobalSection
	GlobalSection(ProjectConfigurationPlatforms) = postSolution
		{18CA7A54-E4C0-765F-36EC-21A8F57D8642}.Debug|Any CPU.ActiveCfg = Debug|Any CPU
		{18CA7A54-E4C0-765F-36EC-21A8F57D8642}.Debug|Any CPU.Build.0 = Debug|Any CPU
		{18CA7A54-E4C0-765F-36EC-21A8F57D8642}.Release|Any CPU.ActiveCfg = Release|Any CPU
		{18CA7A54-E4C0-765F-36EC-21A8F57D8642}.Release|Any CPU.Build.0 = Release|Any CPU
	EndGlobalSection
	GlobalSection(SolutionProperties) = preSolution
		HideSolutionNode = FALSE
	EndGlobalSection
	GlobalSection(ExtensibilityGlobals) = postSolution
		SolutionGuid = {F019EC8B-A614-47CE-8D5F-143F3DB98296}
	EndGlobalSection
EndGlobal
